
Microsoft Visual Studio Solution File, Format Version 12.00
# Visual Studio 15
VisualStudioVersion = 15.0.26430.6
MinimumVisualStudioVersion = 10.0.40219.1
Project("{151D2E53-A2C4-4D7D-83FE-D05416EBD58E}") = "HDInsightLabsEnvironment", "HDInsightLabsEnvironment\HDInsightLabsEnvironment.deployproj", "{7F630C56-4045-4151-9CEF-51B2CB4BF04B}"
EndProject
Global
	GlobalSection(SolutionConfigurationPlatforms) = preSolution
		Debug|Any CPU = Debug|Any CPU
		Release|Any CPU = Release|Any CPU
	EndGlobalSection
	GlobalSection(ProjectConfigurationPlatforms) = postSolution
		{7F630C56-4045-4151-9CEF-51B2CB4BF04B}.Debug|Any CPU.ActiveCfg = Debug|Any CPU
		{7F630C56-4045-4151-9CEF-51B2CB4BF04B}.Debug|Any CPU.Build.0 = Debug|Any CPU
		{7F630C56-4045-4151-9CEF-51B2CB4BF04B}.Release|Any CPU.ActiveCfg = Release|Any CPU
		{7F630C56-4045-4151-9CEF-51B2CB4BF04B}.Release|Any CPU.Build.0 = Release|Any CPU
	EndGlobalSection
	GlobalSection(SolutionProperties) = preSolution
		HideSolutionNode = FALSE
	EndGlobalSection
EndGlobal
